PODS:
  - SnapKit (3.0.2)
  - SVPullToRefresh (0.4.1)

DEPENDENCIES:
  - SnapKit
  - SVPullToRefresh

SPEC CHECKSUMS:
  SnapKit: 2e456761aa92d4d4067a7a5594c18769d451a8ad
  SVPullToRefresh: ba2e718695a43253d8bea6852d2960097dc15d8c

PODFILE CHECKSUM: 93a15ebfcaa3cbd15134a3d2920c270c74557ea0

COCOAPODS: 1.1.1
